// !$*UTF8*$!
{
	archiveVersion = 1;
	classes = {
	};
	objectVersion = 46;
	objects = {

/* Begin PBXBuildFile section */
		5559846BF40D5588228EC3E6 /* libPods.a in Frameworks */ = {isa = PBXBuildFile; fileRef = 9654CEA95F1A50B28687DE8D /* libPods.a */; };
		C20107751CA51CB900A0A056 /* main.m in Sources */ = {isa = PBXBuildFile; fileRef = C20107741CA51CB900A0A056 /* main.m */; };
		C20107781CA51CB900A0A056 /* AppDelegate.m in Sources */ = {isa = PBXBuildFile; fileRef = C20107771CA51CB900A0A056 /* AppDelegate.m */; };
		C201077B1CA51CB900A0A056 /* ViewController.m in Sources */ = {isa = PBXBuildFile; fileRef = C201077A1CA51CB900A0A056 /* ViewController.m */; };
		C201077E1CA51CB900A0A056 /* Main.storyboard in Resources */ = {isa = PBXBuildFile; fileRef = C201077C1CA51CB900A0A056 /* Main.storyboard */; };
		C20107801CA51CB900A0A056 /* Assets.xcassets in Resources */ = {isa = PBXBuildFile; fileRef = C201077F1CA51CB900A0A056 /* Assets.xcassets */; };
		C20107831CA51CB900A0A056 /* LaunchScreen.storyboard in Resources */ = {isa = PBXBuildFile; fileRef = C20107811CA51CB900A0A056 /* LaunchScreen.storyboard */; };
		C201078C1CA51F8900A0A056 /* AViewController.m in Sources */ = {isa = PBXBuildFile; fileRef = C201078B1CA51F8900A0A056 /* AViewController.m */; };
		C201078F1CA51FAD00A0A056 /* BViewController.m in Sources */ = {isa = PBXBuildFile; fileRef = C201078E1CA51FAD00A0A056 /* BViewController.m */; };
/* End PBXBuildFile section */

/* Begin PBXFileReference section */
		46FCAEDC41F45B5EFFF08B42 /* Pods.debug.xcconfig */ = {isa = PBXFileReference; includeInIndex = 1; lastKnownFileType = text.xcconfig; name = Pods.debug.xcconfig; path = "Pods/Target Support Files/Pods/Pods.debug.xcconfig"; sourceTree = "<group>"; };
		533652864D69C1D5C283A9A7 /* Pods.release.xcconfig */ = {isa = PBXFileReference; includeInIndex = 1; lastKnownFileType = text.xcconfig; name = Pods.release.xcconfig; path = "Pods/Target Support Files/Pods/Pods.release.xcconfig"; sourceTree = "<group>"; };
		9654CEA95F1A50B28687DE8D /* libPods.a */ = {isa = PBXFileReference; explicitFileType = archive.ar; includeInIndex = 0; path = libPods.a; sourceTree = BUILT_PRODUCTS_DIR; };
		C20107701CA51CB900A0A056 /* fyr_01.app */ = {isa = PBXFileReference; explicitFileType = wrapper.application; includeInIndex = 0; path = fyr_01.app; sourceTree = BUILT_PRODUCTS_DIR; };
		C20107741CA51CB900A0A056 /* main.m */ = {isa = PBXFileReference; lastKnownFileType = sourcecode.c.objc; path = main.m; sourceTree = "<group>"; };
		C20107761CA51CB900A0A056 /* AppDelegate.h */ = {isa = PBXFileReference; lastKnownFileType = sourcecode.c.h; path = AppDelegate.h; sourceTree = "<group>"; };
		C20107771CA51CB900A0A056 /* AppDelegate.m */ = {isa = PBXFileReference; lastKnownFileType = sourcecode.c.objc; path = AppDelegate.m; sourceTree = "<group>"; };
		C20107791CA51CB900A0A056 /* ViewController.h */ = {isa = PBXFileReference; lastKnownFileType = sourcecode.c.h; path = ViewController.h; sourceTree = "<group>"; };
		C201077A1CA51CB900A0A056 /* ViewController.m */ = {isa = PBXFileReference; lastKnownFileType = sourcecode.c.objc; path = ViewController.m; sourceTree = "<group>"; };
		C201077D1CA51CB900A0A056 /* Base */ = {isa = PBXFileReference; lastKnownFileType = file.storyboard; name = Base; path = Base.lproj/Main.storyboard; sourceTree = "<group>"; };
		C201077F1CA51CB900A0A056 /* Assets.xcassets */ = {isa = PBXFileReference; lastKnownFileType = folder.assetcatalog; path = Assets.xcassets; sourceTree = "<group>"; };
		C20107821CA51CB900A0A056 /* Base */ = {isa = PBXFileReference; lastKnownFileType = file.storyboard; name = Base; path = Base.lproj/LaunchScreen.storyboard; sourceTree = "<group>"; };
		C20107841CA51CB900A0A056 /* Info.plist */ = {isa = PBXFileReference; lastKnownFileType = text.plist.xml; path = Info.plist; sourceTree = "<group>"; };
		C201078A1CA51F8900A0A056 /* AViewController.h */ = {isa = PBXFileReference; fileEncoding = 4; lastKnownFileType = sourcecode.c.h; path = AViewController.h; sourceTree = "<group>"; };
		C201078B1CA51F8900A0A056 /* AViewController.m */ = {isa = PBXFileReference; fileEncoding = 4; lastKnownFileType = sourcecode.c.objc; path = AViewController.m; sourceTree = "<group>"; };
		C201078D1CA51FAD00A0A056 /* BViewController.h */ = {isa = PBXFileReference; fileEncoding = 4; lastKnownFileType = sourcecode.c.h; path = BViewController.h; sourceTree = "<group>"; };
		C201078E1CA51FAD00A0A056 /* BViewController.m */ = {isa = PBXFileReference; fileEncoding = 4; lastKnownFileType = sourcecode.c.objc; path = BViewController.m; sourceTree = "<group>"; };
/* End PBXFileReference section */

/* Begin PBXFrameworksBuildPhase section */
		C201076D1CA51CB900A0A056 /* Frameworks */ = {
			isa = PBXFrameworksBuildPhase;
			buildActionMask = 2147483647;
			files = (
				5559846BF40D5588228EC3E6 /* libPods.a in Frameworks */,
			);
			runOnlyForDeploymentPostprocessing = 0;
		};
/* End PBXFrameworksBuildPhase section */

/* Begin PBXGroup section */
		5987858FE21729AE3033B3F5 /* Frameworks */ = {
			isa = PBXGroup;
			children = (
				9654CEA95F1A50B28687DE8D /* libPods.a */,
			);
			name = Frameworks;
			sourceTree = "<group>";
		};
		C20107671CA51CB900A0A056 = {
			isa = PBXGroup;
			children = (
				C20107721CA51CB900A0A056 /* fyr_01 */,
				C20107711CA51CB900A0A056 /* Products */,
				DFA1DBA2D78782F20836BDDC /* Pods */,
				5987858FE21729AE3033B3F5 /* Frameworks */,
			);
			sourceTree = "<group>";
		};
		C20107711CA51CB900A0A056 /* Products */ = {
			isa = PBXGroup;
			children = (
				C20107701CA51CB900A0A056 /* fyr_01.app */,
			);
			name = Products;
			sourceTree = "<group>";
		};
		C20107721CA51CB900A0A056 /* fyr_01 */ = {
			isa = PBXGroup;
			children = (
				C20107761CA51CB900A0A056 /* AppDelegate.h */,
				C20107771CA51CB900A0A056 /* AppDelegate.m */,
				C20107791CA51CB900A0A056 /* ViewController.h */,
				C201077A1CA51CB900A0A056 /* ViewController.m */,
				C201078A1CA51F8900A0A056 /* AViewController.h */,
				C201078B1CA51F8900A0A056 /* AViewController.m */,
				C201078D1CA51FAD00A0A056 /* BViewController.h */,
				C201078E1CA51FAD00A0A056 /* BViewController.m */,
				C201077C1CA51CB900A0A056 /* Main.storyboard */,
				C201077F1CA51CB900A0A056 /* Assets.xcassets */,
				C20107811CA51CB900A0A056 /* LaunchScreen.storyboard */,
				C20107841CA51CB900A0A056 /* Info.plist */,
				C20107731CA51CB900A0A056 /* Supporting Files */,
			);
			path = fyr_01;
			sourceTree = "<group>";
		};
		C20107731CA51CB900A0A056 /* Supporting Files */ = {
			isa = PBXGroup;
			children = (
				C20107741CA51CB900A0A056 /* main.m */,
			);
			name = "Supporting Files";
			sourceTree = "<group>";
		};
		DFA1DBA2D78782F20836BDDC /* Pods */ = {
			isa = PBXGroup;
			children = (
				46FCAEDC41F45B5EFFF08B42 /* Pods.debug.xcconfig */,
				533652864D69C1D5C283A9A7 /* Pods.release.xcconfig */,
			);
			name = Pods;
			sourceTree = "<group>";
		};
/* End PBXGroup section */

/* Begin PBXNativeTarget section */
		C201076F1CA51CB900A0A056 /* fyr_01 */ = {
			isa = PBXNativeTarget;
			buildConfigurationList = C20107871CA51CB900A0A056 /* Build configuration list for PBXNativeTarget "fyr_01" */;
			buildPhases = (
				3FFB9553F9643ACA44D97ECC /* Check Pods Manifest.lock */,
				C201076C1CA51CB900A0A056 /* Sources */,
				C201076D1CA51CB900A0A056 /* Frameworks */,
				C201076E1CA51CB900A0A056 /* Resources */,
				CB5367967445BAEA41D11922 /* Embed Pods Frameworks */,
				2CB641402DF6E5EB53DEEEA1 /* Copy Pods Resources */,
			);
			buildRules = (
			);
			dependencies = (
			);
			name = fyr_01;
			productName = fyr_01;
			productReference = C20107701CA51CB900A0A056 /* fyr_01.app */;
			productType = "com.apple.product-type.application";
		};
/* End PBXNativeTarget section */

/* Begin PBXProject section */
		C20107681CA51CB900A0A056 /* Project object */ = {
			isa = PBXProject;
			attributes = {
				LastUpgradeCheck = 0720;
				ORGANIZATIONNAME = "樊亚茹";
				TargetAttributes = {
					C201076F1CA51CB900A0A056 = {
						CreatedOnToolsVersion = 7.2.1;
					};
				};
			};
			buildConfigurationList = C201076B1CA51CB900A0A056 /* Build configuration list for PBXProject "fyr_01" */;
			compatibilityVersion = "Xcode 3.2";
			developmentRegion = English;
			hasScannedForEncodings = 0;
			knownRegions = (
				en,
				Base,
			);
			mainGroup = C20107671CA51CB900A0A056;
			productRefGroup = C20107711CA51CB900A0A056 /* Products */;
			projectDirPath = "";
			projectRoot = "";
			targets = (
				C201076F1CA51CB900A0A056 /* fyr_01 */,
			);
		};
/* End PBXProject section */

/* Begin PBXResourcesBuildPhase section */
		C201076E1CA51CB900A0A056 /* Resources */ = {
			isa = PBXResourcesBuildPhase;
			buildActionMask = 2147483647;
			files = (
				C20107831CA51CB900A0A056 /* LaunchScreen.storyboard in Resources */,
				C20107801CA51CB900A0A056 /* Assets.xcassets in Resources */,
				C201077E1CA51CB900A0A056 /* Main.storyboard in Resources */,
			);
			runOnlyForDeploymentPostprocessing = 0;
		};
/* End PBXResourcesBuildPhase section */

/* Begin PBXShellScriptBuildPhase section */
		2CB641402DF6E5EB53DEEEA1 /* Copy Pods Resources */ = {
			isa = PBXShellScriptBuildPhase;
			buildActionMask = 2147483647;
			files = (
			);
			inputPaths = (
			);
			name = "Copy Pods Resources";
			outputPaths = (
			);
			runOnlyForDeploymentPostprocessing = 0;
			shellPath = /bin/sh;
			shellScript = "\"${SRCROOT}/Pods/Target Support Files/Pods/Pods-resources.sh\"\n";
			showEnvVarsInLog = 0;
		};
		3FFB9553F9643ACA44D97ECC /* Check Pods Manifest.lock */ = {
			isa = PBXShellScriptBuildPhase;
			buildActionMask = 2147483647;
			files = (
			);
			inputPaths = (
			);
			name = "Check Pods Manifest.lock";
			outputPaths = (
			);
			runOnlyForDeploymentPostprocessing = 0;
			shellPath = /bin/sh;
			shellScript = "diff \"${PODS_ROOT}/../Podfile.lock\" \"${PODS_ROOT}/Manifest.lock\" > /dev/null\nif [[ $? != 0 ]] ; then\n    cat << EOM\nerror: The sandbox is not in sync with the Podfile.lock. Run 'pod install' or update your CocoaPods installation.\nEOM\n    exit 1\nfi\n";
			showEnvVarsInLog = 0;
		};
		CB5367967445BAEA41D11922 /* Embed Pods Frameworks */ = {
			isa = PBXShellScriptBuildPhase;
			buildActionMask = 2147483647;
			files = (
			);
			inputPaths = (
			);
			name = "Embed Pods Frameworks";
			outputPaths = (
			);
			runOnlyForDeploymentPostprocessing = 0;
			shellPath = /bin/sh;
			shellScript = "\"${SRCROOT}/Pods/Target Support Files/Pods/Pods-frameworks.sh\"\n";
			showEnvVarsInLog = 0;
		};
/* End PBXShellScriptBuildPhase section */

/* Begin PBXSourcesBuildPhase section */
		C201076C1CA51CB900A0A056 /* Sources */ = {
			isa = PBXSourcesBuildPhase;
			buildActionMask = 2147483647;
			files = (
				C201078C1CA51F8900A0A056 /* AViewController.m in Sources */,
				C201077B1CA51CB900A0A056 /* ViewController.m in Sources */,
				C20107781CA51CB900A0A056 /* AppDelegate.m in Sources */,
				C201078F1CA51FAD00A0A056 /* BViewController.m in Sources */,
				C20107751CA51CB900A0A056 /* main.m in Sources */,
			);
			runOnlyForDeploymentPostprocessing = 0;
		};
/* End PBXSourcesBuildPhase section */

/* Begin PBXVariantGroup section */
		C201077C1CA51CB900A0A056 /* Main.storyboard */ = {
			isa = PBXVariantGroup;
			children = (
				C201077D1CA51CB900A0A056 /* Base */,
			);
			name = Main.storyboard;
			sourceTree = "<group>";
		};
		C20107811CA51CB900A0A056 /* LaunchScreen.storyboard */ = {
			isa = PBXVariantGroup;
			children = (
				C20107821CA51CB900A0A056 /* Base */,
			);
			name = LaunchScreen.storyboard;
			sourceTree = "<group>";
		};
/* End PBXVariantGroup section */

/* Begin XCBuildConfiguration section */
		C20107851CA51CB900A0A056 /* Debug */ = {
			isa = XCBuildConfiguration;
			buildSettings = {
				ALWAYS_SEARCH_USER_PATHS = NO;
				CLANG_CXX_LANGUAGE_STANDARD = "gnu++0x";
				CLANG_CXX_LIBRARY = "libc++";
				CLANG_ENABLE_MODULES = YES;
				CLANG_ENABLE_OBJC_ARC = YES;
				CLANG_WARN_BOOL_CONVERSION = YES;
				CLANG_WARN_CONSTANT_CONVERSION = YES;
				CLANG_WARN_DIRECT_OBJC_ISA_USAGE = YES_ERROR;
				CLANG_WARN_EMPTY_BODY = YES;
				CLANG_WARN_ENUM_CONVERSION = YES;
				CLANG_WARN_INT_CONVERSION = YES;
				CLANG_WARN_OBJC_ROOT_CLASS = YES_ERROR;
				CLANG_WARN_UNREACHABLE_CODE = YES;
				CLANG_WARN__DUPLICATE_METHOD_MATCH = YES;
				"CODE_SIGN_IDENTITY[sdk=iphoneos*]" = "iPhone Developer";
				COPY_PHASE_STRIP = NO;
				DEBUG_INFORMATION_FORMAT = dwarf;
				ENABLE_STRICT_OBJC_MSGSEND = YES;
				ENABLE_TESTABILITY = YES;
				GCC_C_LANGUAGE_STANDARD = gnu99;
				GCC_DYNAMIC_NO_PIC = NO;
				GCC_NO_COMMON_BLOCKS = YES;
				GCC_OPTIMIZATION_LEVEL = 0;
				GCC_PREPROCESSOR_DEFINITIONS = (
					"DEBUG=1",
					"$(inherited)",
				);
				GCC_WARN_64_TO_32_BIT_CONVERSION = YES;
				GCC_WARN_ABOUT_RETURN_TYPE = YES_ERROR;
				GCC_WARN_UNDECLARED_SELECTOR = YES;
				GCC_WARN_UNINITIALIZED_AUTOS = YES_AGGRESSIVE;
				GCC_WARN_UNUSED_FUNCTION = YES;
				GCC_WARN_UNUSED_VARIABLE = YES;
				IPHONEOS_DEPLOYMENT_TARGET = 9.2;
				MTL_ENABLE_DEBUG_INFO = YES;
				ONLY_ACTIVE_ARCH = YES;
				SDKROOT = iphoneos;
			};
			name = Debug;
		};
		C20107861CA51CB900A0A056 /* Release */ = {
			isa = XCBuildConfiguration;
			buildSettings = {
				ALWAYS_SEARCH_USER_PATHS = NO;
				CLANG_CXX_LANGUAGE_STANDARD = "gnu++0x";
				CLANG_CXX_LIBRARY = "libc++";
				CLANG_ENABLE_MODULES = YES;
				CLANG_ENABLE_OBJC_ARC = YES;
				CLANG_WARN_BOOL_CONVERSION = YES;
				CLANG_WARN_CONSTANT_CONVERSION = YES;
				CLANG_WARN_DIRECT_OBJC_ISA_USAGE = YES_ERROR;
				CLANG_WARN_EMPTY_BODY = YES;
				CLANG_WARN_ENUM_CONVERSION = YES;
				CLANG_WARN_INT_CONVERSION = YES;
				CLANG_WARN_OBJC_ROOT_CLASS = YES_ERROR;
				CLANG_WARN_UNREACHABLE_CODE = YES;
				CLANG_WARN__DUPLICATE_METHOD_MATCH = YES;
				"CODE_SIGN_IDENTITY[sdk=iphoneos*]" = "iPhone Developer";
				COPY_PHASE_STRIP = NO;
				DEBUG_INFORMATION_FORMAT = "dwarf-with-dsym";
				ENABLE_NS_ASSERTIONS = NO;
				ENABLE_STRICT_OBJC_MSGSEND = YES;
				GCC_C_LANGUAGE_STANDARD = gnu99;
				GCC_NO_COMMON_BLOCKS = YES;
				GCC_WARN_64_TO_32_BIT_CONVERSION = YES;
				GCC_WARN_ABOUT_RETURN_TYPE = YES_ERROR;
				GCC_WARN_UNDECLARED_SELECTOR = YES;
				GCC_WARN_UNINITIALIZED_AUTOS = YES_AGGRESSIVE;
				GCC_WARN_UNUSED_FUNCTION = YES;
				GCC_WARN_UNUSED_VARIABLE = YES;
				IPHONEOS_DEPLOYMENT_TARGET = 9.2;
				MTL_ENABLE_DEBUG_INFO = NO;
				SDKROOT = iphoneos;
				VALIDATE_PRODUCT = YES;
			};
			name = Release;
		};
		C20107881CA51CB900A0A056 /* Debug */ = {
			isa = XCBuildConfiguration;
			baseConfigurationReference = 46FCAEDC41F45B5EFFF08B42 /* Pods.debug.xcconfig */;
			buildSettings = {
				ASSETCATALOG_COMPILER_APPICON_NAME = AppIcon;
				INFOPLIST_FILE = fyr_01/Info.plist;
				LD_RUNPATH_SEARCH_PATHS = "$(inherited) @executable_path/Frameworks";
				PRODUCT_BUNDLE_IDENTIFIER = "com.lanou3g.fyr-01";
				PRODUCT_NAME = "$(TARGET_NAME)";
			};
			name = Debug;
		};
		C20107891CA51CB900A0A056 /* Release */ = {
			isa = XCBuildConfiguration;
			baseConfigurationReference = 533652864D69C1D5C283A9A7 /* Pods.release.xcconfig */;
			buildSettings = {
				ASSETCATALOG_COMPILER_APPICON_NAME = AppIcon;
				INFOPLIST_FILE = fyr_01/Info.plist;
				LD_RUNPATH_SEARCH_PATHS = "$(inherited) @executable_path/Frameworks";
				PRODUCT_BUNDLE_IDENTIFIER = "com.lanou3g.fyr-01";
				PRODUCT_NAME = "$(TARGET_NAME)";
			};
			name = Release;
		};
/* End XCBuildConfiguration section */

/* Begin XCConfigurationList section */
		C201076B1CA51CB900A0A056 /* Build configuration list for PBXProject "fyr_01" */ = {
			isa = XCConfigurationList;
			buildConfigurations = (
				C20107851CA51CB900A0A056 /* Debug */,
				C20107861CA51CB900A0A056 /* Release */,
			);
			defaultConfigurationIsVisible = 0;
			defaultConfigurationName = Release;
		};
		C20107871CA51CB900A0A056 /* Build configuration list for PBXNativeTarget "fyr_01" */ = {
			isa = XCConfigurationList;
			buildConfigurations = (
				C20107881CA51CB900A0A056 /* Debug */,
				C20107891CA51CB900A0A056 /* Release */,
			);
			defaultConfigurationIsVisible = 0;
			defaultConfigurationName = Release;
		};
/* End XCConfigurationList section */
	};
	rootObject = C20107681CA51CB900A0A056 /* Project object */;
}
